cloud.google.com/go/auth v0.16.2 h1:QvBAGFPLrDeoiNjyfVunhQ10HKNYuOwZ5noee0M5df4=
cloud.google.com/go/auth v0.16.2/go.mod h1:sRBas2Y1fB1vZTdurouM0AzuYQBMZinrUYL8EufhtEA=
cloud.google.com/go/auth/oauth2adapt v0.2.8 h1:keo8NaayQZ6wimpNSmW5OPc283g65QNIiLpZnkHRbnc=
cloud.google.com/go/auth/oauth2adapt v0.2.8/go.mod h1:XQ9y31RkqZCcwJWNSx2Xvric3RrU88hAYYbjDWYDL+c=
cloud.google.com/go/compute/metadata v0.9.0 h1:pDUj4QMoPejqq20dK0Pg2N4yG9zIkYGdBtwLoEkH9Zs=
cloud.google.com/go/compute/metadata v0.9.0/go.mod h1:E0bWwX5wTnLPedCKqk3pJmVgCBSM6qQI1yTBdEb3C10=
github.com/aws/aws-sdk-go-v2 v1.36.5 h1:0OF9RiEMEdDdZEMqF9MRjevyxAQcf6gY+E7vwBILFj0=
github.com/aws/aws-sdk-go-v2 v1.36.5/go.mod h1:EYrzvCCN9CMUTa5+6lf6MM4tq3Zjp8UhSGR/cBsjai0=
github.com/aws/aws-sdk-go-v2/aws/protocol/eventstream v1.6.11 h1:12SpdwU8Djs+YGklkinSSlcrPyj3H4VifVsKf78KbwA=
github.com/aws/aws-sdk-go-v2/aws/protocol/eventstream v1.6.11/go.mod h1:dd+Lkp6YmMryke+qxW/VnKyhMBDTYP41Q2Bb+6gNZgY=
github.com/aws/aws-sdk-go-v2/internal/configsources v1.3.36 h1:SsytQyTMHMDPspp+spo7XwXTP44aJZZAC7fBV2C5+5s=
github.com/aws/aws-sdk-go-v2/internal/configsources v1.3.36/go.mod h1:Q1lnJArKRXkenyog6+Y+zr7WDpk4e6XlR6gs20bbeNo=
github.com/aws/aws-sdk-go-v2/internal/endpoints/v2 v2.6.36 h1:i2vNHQiXUvKhs3quBR6aqlgJaiaexz/aNvdCktW/kAM=
github.com/aws/aws-sdk-go-v2/internal/endpoints/v2 v2.6.36/go.mod h1:UdyGa7Q91id/sdyHPwth+043HhmP6yP9MBHgbZM0xo8=
github.com/aws/aws-sdk-go-v2/internal/v4a v1.3.36 h1:GMYy2EOWfzdP3wfVAGXBNKY5vK4K8vMET4sYOYltmqs=
github.com/aws/aws-sdk-go-v2/internal/v4a v1.3.36/go.mod h1:gDhdAV6wL3PmPqBhiPbnlS447GoWs8HTTOYef9/9Inw=
github.com/aws/aws-sdk-go-v2/service/internal/accept-encoding v1.12.4 h1:CXV68E2dNqhuynZJPB80bhPQwAKqBWVer887figW6Jc=
github.com/aws/aws-sdk-go-v2/service/internal/accept-encoding v1.12.4/go.mod h1:/xFi9KtvBXP97ppCz1TAEvU1Uf66qvid89rbem3wCzQ=
github.com/aws/aws-sdk-go-v2/service/internal/checksum v1.7.4 h1:nAP2GYbfh8dd2zGZqFRSMlq+/F6cMPBUuCsGAMkN074=
github.com/aws/aws-sdk-go-v2/service/internal/checksum v1.7.4/go.mod h1:LT10DsiGjLWh4GbjInf9LQejkYEhBgBCjLG5+lvk4EE=
github.com/aws/aws-sdk-go-v2/service/internal/presigned-url v1.12.17 h1:t0E6FzREdtCsiLIoLCWsYliNsRBgyGD/MCK571qk4MI=
github.com/aws/aws-sdk-go-v2/service/internal/presigned-url v1.12.17/go.mod h1:ygpklyoaypuyDvOM5ujWGrYWpAK3h7ugnmKCU/76Ys4=
github.com/aws/aws-sdk-go-v2/service/internal/s3shared v1.18.17 h1:qcLWgdhq45sDM9na4cvXax9dyLitn8EYBRl8Ak4XtG4=
github.com/aws/aws-sdk-go-v2/service/internal/s3shared v1.18.17/go.mod h1:M+jkjBFZ2J6DJrjMv2+vkBbuht6kxJYtJiwoVgX4p4U=
github.com/aws/aws-sdk-go-v2/service/s3 v1.83.0 h1:5Y75q0RPQoAbieyOuGLhjV9P3txvYgXv2lg0UwJOfmE=
github.com/aws/aws-sdk-go-v2/service/s3 v1.83.0/go.mod h1:kUklwasNoCn5YpyAqC/97r6dzTA1SRKJfKq16SXeoDU=
github.com/aws/aws-sdk-go-v2/service/secretsmanager v1.35.7 h1:d+mnMa4JbJlooSbYQfrJpit/YINaB30JEVgrhtjZneA=
github.com/aws/aws-sdk-go-v2/service/secretsmanager v1.35.7/go.mod h1:1X1NotbcGHH7PCQJ98PsExSxsJj/VWzz8MfFz43+02M=
github.com/aws/smithy-go v1.22.4 h1:uqXzVZNuNexwc/xrh6Tb56u89WDlJY6HS+KC0S4QSjw=
github.com/aws/smithy-go v1.22.4/go.mod h1:t1ufH5HMublsJYulve2RKmHDC15xu1f26kHCp/HgceI=
github.com/cespare/xxhash/v2 v2.3.0 h1:UL815xU9SqsFlibzuggzjXhog7bL6oX9BbNZnL2UFvs=
github.com/cespare/xxhash/v2 v2.3.0/go.mod h1:VGX0DQ3Q6kWi7AoAeZDth3/j3BFtOZR5XLFGgcrjCOs=
github.com/davecgh/go-spew v1.1.0/go.mod h1:J7Y8YcW2NihsgmVo/mv3lAwl/skON4iLHjSsI+c5H38=
github.com/davecgh/go-spew v1.1.1 h1:vj9j/u1bqnvCEfJOwUhtlOARqs3+rkHYY13jYWTU97c=
github.com/davecgh/go-spew v1.1.1/go.mod h1:J7Y8YcW2NihsgmVo/mv3lAwl/skON4iLHjSsI+c5H38=
github.com/felixge/httpsnoop v1.0.4 h1:NFTV2Zj1bL4mc9sqWACXbQFVBBg2W3GPvqp8/ESS2Wg=
github.com/felixge/httpsnoop v1.0.4/go.mod h1:m8KPJKqk1gH5J9DgRY2ASl2lWCfGKXixSwevea8zH2U=
github.com/go-logr/logr v1.2.2/go.mod h1:jdQByPbusPIv2/zmleS9BjJVeZ6kBagPoEUsqbVz/1A=
github.com/go-logr/logr v1.4.3 h1:CjnDlHq8ikf6E492q6eKboGOC0T8CDaOvkHCIg8idEI=
github.com/go-logr/logr v1.4.3/go.mod h1:9T104GzyrTigFIr8wt5mBrctHMim0Nb2HLGrmQ40KvY=
github.com/go-logr/stdr v1.2.2 h1:hSWxHoqTgW2S2qGc0LTAI563KZ5YKYRhT3MFKZMbjag=
github.com/go-logr/stdr v1.2.2/go.mod h1:mMo/vtBO5dYbehREoey6XUKy/eSumjCCveDpRre4VKE=
github.com/golang/protobuf v1.5.4 h1:i7eJL8qZTpSEXOPTxNKhASYpMn+8e5Q6AdndVa1dWek=
github.com/golang/protobuf v1.5.4/go.mod h1:lnTiLA8Wa4RWRcIUkrtSVa5nRhsEGBg48fD6rSs7xps=
github.com/google/go-cmp v0.7.0 h1:wk8382ETsv4JYUZwIsn6YpYiWiBsYLSJiTsyBybVuN8=
github.com/google/go-cmp v0.7.0/go.mod h1:pXiqmnSA92OHEEa9HXL2W4E7lf9JzCmGVUdgjX3N/iU=
github.com/google/s2a-go v0.1.9 h1:LGD7gtMgezd8a/Xak7mEWL0PjoTQFvpRudN895yqKW0=
github.com/google/s2a-go v0.1.9/go.mod h1:YA0Ei2ZQL3acow2O62kdp9UlnvMmU7kA6Eutn0dXayM=
github.com/google/uuid v1.6.0 h1:NIvaJDMOsjHA8n1jAhLSgzrAzy1Hgr+hNrb57e+94F0=
github.com/google/uuid v1.6.0/go.mod h1:TIyPZe4MgqvfeYDBFedMoGGpEw/LqOeaOT+nhxU+yHo=
github.com/googleapis/enterprise-certificate-proxy v0.3.6 h1:GW/XbdyBFQ8Qe+YAmFU9uHLo7OnF5tL52HFAgMmyrf4=
github.com/googleapis/enterprise-certificate-proxy v0.3.6/go.mod h1:MkHOF77EYAE7qfSuSS9PU6g4Nt4e11cnsDUowfwewLA=
github.com/googleapis/gax-go/v2 v2.14.2 h1:eBLnkZ9635krYIPD+ag1USrOAI0Nr0QYF3+/3GqO0k0=
github.com/googleapis/gax-go/v2 v2.14.2/go.mod h1:ON64QhlJkhVtSqp4v1uaK92VyZ2gmvDQsweuyLV+8+w=
github.com/jackc/pgpassfile v1.0.0 h1:/6Hmqy13Ss2zCq62VdNG8tM1wchn8zjSGOBJ6icpsIM=
github.com/jackc/pgpassfile v1.0.0/go.mod h1:CEx0iS5ambNFdcRtxPj5JhEz+xB6uRky5eyVu/W2HEg=
github.com/jackc/pgservicefile v0.0.0-20240606120523-5a60cdf6a761 h1:iCEnooe7UlwOQYpKFhBabPMi4aNAfoODPEFNiAnClxo=
github.com/jackc/pgservicefile v0.0.0-20240606120523-5a60cdf6a761/go.mod h1:5TJZWKEWniPve33vlWYSoGYefn3gLQRzjfDlhSJ9ZKM=
github.com/jackc/pgx/v5 v5.7.5 h1:JHGfMnQY+IEtGM63d+NGMjoRpysB2JBwDr5fsngwmJs=
github.com/jackc/pgx/v5 v5.7.5/go.mod h1:aruU7o91Tc2q2cFp5h4uP3f6ztExVpyVv88Xl/8Vl8M=
github.com/jackc/puddle/v2 v2.2.2 h1:PR8nw+E/1w0GLuRFSmiioY6UooMp6KJv0/61nB7icHo=
github.com/jackc/puddle/v2 v2.2.2/go.mod h1:vriiEXHvEE654aYKXXjOvZM39qJ0q+azkZFrfEOc3H4=
github.com/klauspost/compress v1.18.0 h1:c/Cqfb0r+Yi+JtIEq73FWXVkRonBlf0CRNYc8Zttxdo=
github.com/klauspost/compress v1.18.0/go.mod h1:2Pp+KzxcywXVXMr50+X0Q/Lsb43OQHYWRCY2AiWywWQ=
github.com/nxdir-s/adapters v0.0.6 h1:u5zmrkWCMSiFArvjKPv7HsiJZeeEKmqzihCMay+vTq4=
github.com/nxdir-s/adapters v0.0.6/go.mod h1:CzwKNBnUebOjtWfmZmxV/ImjJ/2vngbV+FsT349b0ug=
github.com/pelletier/go-toml/v2 v2.2.4 h1:mye9XuhQ6gvn5h28+VilKrrPoQVanw5PMw/TB0t5Ec4=
github.com/pelletier/go-toml/v2 v2.2.4/go.mod h1:2gIqNv+qfxSVS7cM2xJQKtLSTLUE9V8t9Stt+h56mCY=
github.com/pierrec/lz4/v4 v4.1.22 h1:cKFw6uJDK+/gfw5BcDL0JL5aBsAFdsIT18eRtLj7VIU=
github.com/pierrec/lz4/v4 v4.1.22/go.mod h1:gZWDp/Ze/IJXGXf23ltt2EXimqmTUXEy0GFuRQyBid4=
github.com/pmezard/go-difflib v1.0.0 h1:4DBwDE0NGyQoBHbLQYPwSUPoCMWR5BEzIk/f1lZbAQM=
github.com/pmezard/go-difflib v1.0.0/go.mod h1:iKH77koFhYxTK1pcRnkKkqfTogsbg7gZNVY4sRDYZ/4=
github.com/stretchr/objx v0.1.0/go.mod h1:HFkY916IF+rwdDfMAkV7OtwuqBVzrE8GR6GFx+wExME=
github.com/stretchr/testify v1.3.0/go.mod h1:M5WIy9Dh21IEIfnGCwXGc5bZfKNJtfHm1UVUgZn+9EI=
github.com/stretchr/testify v1.7.0/go.mod h1:6Fq8oRcR53rry900zMqJjRRixrwX3KX962/h/Wwjteg=
github.com/stretchr/testify v1.11.1 h1:7s2iGBzp5EwR7/aIZr8ao5+dra3wiQyKjjFuvgVKu7U=
github.com/stretchr/testify v1.11.1/go.mod h1:wZwfW3scLgRK+23gO65QZefKpKQRnfz6sD981Nm4B6U=
github.com/twmb/franz-go v1.19.5 h1:W7+o8D0RsQsedqib71OVlLeZ0zI6CbFra7yTYhZTs5Y=
github.com/twmb/franz-go v1.19.5/go.mod h1:4kFJ5tmbbl7asgwAGVuyG1ZMx0NNpYk7EqflvWfPCpM=
github.com/twmb/franz-go/pkg/kadm v1.16.0 h1:STMs1t5lYR5mR974PSiwNzE5TvsosByTp+rKXLOhAjE=
github.com/twmb/franz-go/pkg/kadm v1.16.0/go.mod h1:MUdcUtnf9ph4SFBLLA/XxE29rvLhWYLM9Ygb8dfSCvw=
github.com/twmb/franz-go/pkg/kmsg v1.11.2 h1:hIw75FpwcAjgeyfIGFqivAvwC5uNIOWRGvQgZhH4mhg=
github.com/twmb/franz-go/pkg/kmsg v1.11.2/go.mod h1:CFfkkLysDNmukPYhGzuUcDtf46gQSqCZHMW1T4Z+wDE=
go.opentelemetry.io/auto/sdk v1.2.1 h1:jXsnJ4Lmnqd11kwkBV2LgLoFMZKizbCi5fNZ/ipaZ64=
go.opentelemetry.io/auto/sdk v1.2.1/go.mod h1:KRTj+aOaElaLi+wW1kO/DZRXwkF4C5xPbEe3ZiIhN7Y=
go.opentelemetry.io/contrib/instrumentation/net/http/otelhttp v0.61.0 h1:F7Jx+6hwnZ41NSFTO5q4LYDtJRXBf2PD0rNBkeB/lus=
go.opentelemetry.io/contrib/instrumentation/net/http/otelhttp v0.61.0/go.mod h1:UHB22Z8QsdRDrnAtX4PntOl36ajSxcdUMt1sF7Y6E7Q=
go.opentelemetry.io/otel v1.39.0 h1:8yPrr/S0ND9QEfTfdP9V+SiwT4E0G7Y5MO7p85nis48=
go.opentelemetry.io/otel v1.39.0/go.mod h1:kLlFTywNWrFyEdH0oj2xK0bFYZtHRYUdv1NklR/tgc8=
go.opentelemetry.io/otel/metric v1.39.0 h1:d1UzonvEZriVfpNKEVmHXbdf909uGTOQjA0HF0Ls5Q0=
go.opentelemetry.io/otel/metric v1.39.0/go.mod h1:jrZSWL33sD7bBxg1xjrqyDjnuzTUB0x1nBERXd7Ftcs=
go.opentelemetry.io/otel/sdk v1.39.0 h1:nMLYcjVsvdui1B/4FRkwjzoRVsMK8uL/cj0OyhKzt18=
go.opentelemetry.io/otel/sdk v1.39.0/go.mod h1:vDojkC4/jsTJsE+kh+LXYQlbL8CgrEcwmt1ENZszdJE=
go.opentelemetry.io/otel/sdk/metric v1.39.0 h1:cXMVVFVgsIf2YL6QkRF4Urbr/aMInf+2WKg+sEJTtB8=
go.opentelemetry.io/otel/sdk/metric v1.39.0/go.mod h1:xq9HEVH7qeX69/JnwEfp6fVq5wosJsY1mt4lLfYdVew=
go.opentelemetry.io/otel/trace v1.39.0 h1:2d2vfpEDmCJ5zVYz7ijaJdOF59xLomrvj7bjt6/qCJI=
go.opentelemetry.io/otel/trace v1.39.0/go.mod h1:88w4/PnZSazkGzz/w84VHpQafiU4EtqqlVdxWy+rNOA=
golang.org/x/crypto v0.49.0 h1:+Ng2ULVvLHnJ/ZFEq4KdcDd/cfjrrjjNSXNzxg0Y4U4=
golang.org/x/crypto v0.49.0/go.mod h1:ErX4dUh2UM+CFYiXZRTcMpEcN8b/1gxEuv3nODoYtCA=
golang.org/x/net v0.52.0 h1:He/TN1l0e4mmR3QqHMT2Xab3Aj3L9qjbhRm78/6jrW0=
golang.org/x/net v0.52.0/go.mod h1:R1MAz7uMZxVMualyPXb+VaqGSa3LIaUqk0eEt3w36Sw=
golang.org/x/oauth2 v0.34.0 h1:hqK/t4AKgbqWkdkcAeI8XLmbK+4m4G5YeQRrmiotGlw=
golang.org/x/oauth2 v0.34.0/go.mod h1:lzm5WQJQwKZ3nwavOZ3IS5Aulzxi68dUSgRHujetwEA=
golang.org/x/sync v0.20.0 h1:e0PTpb7pjO8GAtTs2dQ6jYa5BWYlMuX047Dco/pItO4=
golang.org/x/sync v0.20.0/go.mod h1:9xrNwdLfx4jkKbNva9FpL6vEN7evnE43NNNJQ2LF3+0=
golang.org/x/sys v0.42.0 h1:omrd2nAlyT5ESRdCLYdm3+fMfNFE/+Rf4bDIQImRJeo=
golang.org/x/sys v0.42.0/go.mod h1:4GL1E5IUh+htKOUEOaiffhrAeqysfVGipDYzABqnCmw=
golang.org/x/text v0.35.0 h1:JOVx6vVDFokkpaq1AEptVzLTpDe9KGpj5tR4/X+ybL8=
golang.org/x/text v0.35.0/go.mod h1:khi/HExzZJ2pGnjenulevKNX1W67CUy0AsXcNubPGCA=
gonum.org/v1/gonum v0.16.0 h1:5+ul4Swaf3ESvrOnidPp4GZbzf0mxVQpDCYUQE7OJfk=
gonum.org/v1/gonum v0.16.0/go.mod h1:fef3am4MQ93R2HHpKnLk4/Tbh/s0+wqD5nfa6Pnwy4E=
google.golang.org/api v0.241.0 h1:QKwqWQlkc6O895LchPEDUSYr22Xp3NCxpQRiWTB6avE=
google.golang.org/api v0.241.0/go.mod h1:cOVEm2TpdAGHL2z+UwyS+kmlGr3bVWQQ6sYEqkKje50=
google.golang.org/genproto v0.0.0-20250505200425-f936aa4a68b2 h1:1tXaIXCracvtsRxSBsYDiSBN0cuJvM7QYW+MrpIRY78=
google.golang.org/genproto v0.0.0-20250505200425-f936aa4a68b2/go.mod h1:49MsLSx0oWMOZqcpB3uL8ZOkAh1+TndpJ8ONoCBWiZk=
google.golang.org/genproto/googleapis/api v0.0.0-20251202230838-ff82c1b0f217 h1:fCvbg86sFXwdrl5LgVcTEvNC+2txB5mgROGmRL5mrls=
google.golang.org/genproto/googleapis/api v0.0.0-20251202230838-ff82c1b0f217/go.mod h1:+rXWjjaukWZun3mLfjmVnQi18E1AsFbDN9QdJ5YXLto=
google.golang.org/genproto/googleapis/rpc v0.0.0-20260319201613-d00831a3d3e7 h1:ndE4FoJqsIceKP2oYSnUZqhTdYufCYYkqwtFzfrhI7w=
google.golang.org/genproto/googleapis/rpc v0.0.0-20260319201613-d00831a3d3e7/go.mod h1:4Hqkh8ycfw05ld/3BWL7rJOSfebL2Q+DVDeRgYgxUU8=
google.golang.org/grpc v1.79.3 h1:sybAEdRIEtvcD68Gx7dmnwjZKlyfuc61Dyo9pGXXkKE=
google.golang.org/grpc v1.79.3/go.mod h1:KmT0Kjez+0dde/v2j9vzwoAScgEPx/Bw1CYChhHLrHQ=
google.golang.org/protobuf v1.36.11 h1:fV6ZwhNocDyBLK0dj+fg8ektcVegBBuEolpbTQyBNVE=
google.golang.org/protobuf v1.36.11/go.mod h1:HTf+CrKn2C3g5S8VImy6tdcUvCska2kB7j23XfzDpco=
gopkg.in/check.v1 v0.0.0-20161208181325-20d25e280405/go.mod h1:Co6ibVJAznAaIkqp8huTwlJQCZ016jof/cbN4VW5Yz0=
gopkg.in/yaml.v3 v3.0.0-20200313102051-9f266ea9e77c/go.mod h1:K4uyk7z7BCEPqu6E+C64Yfv1cQ7kz7rIZviUmN+EgEM=
gopkg.in/yaml.v3 v3.0.1 h1:fxVm/GzAzEWqLHuvctI91KS9hhNmmWOoWu0XTYJS7CA=
gopkg.in/yaml.v3 v3.0.1/go.mod h1:K4uyk7z7BCEPqu6E+C64Yfv1cQ7kz7rIZviUmN+EgEM=
